
Microsoft Visual Studio Solution File, Format Version 12.00
# Visual Studio Version 16
VisualStudioVersion = 16.0.31328.270
MinimumVisualStudioVersion = 10.0.40219.1
Project("{FAE04EC0-301F-11D3-BF4B-00C04F79EFBC}") = "Customer", "Customer.csproj", "{A930C689-AA92-453F-99E7-338B65D86956}"
EndProject
Global
	GlobalSection(SolutionConfigurationPlatforms) = preSolution
		Debug|Any CPU = Debug|Any CPU
		Release|Any CPU = Release|Any CPU
	EndGlobalSection
	GlobalSection(ProjectConfigurationPlatforms) = postSolution
		{A930C689-AA92-453F-99E7-338B65D86956}.Debug|Any CPU.ActiveCfg = Debug|Any CPU
		{A930C689-AA92-453F-99E7-338B65D86956}.Debug|Any CPU.Build.0 = Debug|Any CPU
		{A930C689-AA92-453F-99E7-338B65D86956}.Release|Any CPU.ActiveCfg = Release|Any CPU
		{A930C689-AA92-453F-99E7-338B65D86956}.Release|Any CPU.Build.0 = Release|Any CPU
	EndGlobalSection
	GlobalSection(SolutionProperties) = preSolution
		HideSolutionNode = FALSE
	EndGlobalSection
	GlobalSection(ExtensibilityGlobals) = postSolution
		SolutionGuid = {B59E5586-39A3-46D4-A7EC-8D764746D400}
	EndGlobalSection
EndGlobal
